
Microsoft Visual Studio Solution File, Format Version 12.00
# Visual Studio Version 17
VisualStudioVersion = 17.0.32126.317
MinimumVisualStudioVersion = 10.0.40219.1
Project("{FAE04EC0-301F-11D3-BF4B-00C04F79EFBC}") = "Lists", "Lists\Lists.csproj", "{88507890-CBA2-49B1-8DEE-83D53AB1C37B}"
EndProject
Global
	GlobalSection(SolutionConfigurationPlatforms) = preSolution
		Debug|Any CPU = Debug|Any CPU
		Release|Any CPU = Release|Any CPU
	EndGlobalSection
	GlobalSection(ProjectConfigurationPlatforms) = postSolution
		{88507890-CBA2-49B1-8DEE-83D53AB1C37B}.Debug|Any CPU.ActiveCfg = Debug|Any CPU
		{88507890-CBA2-49B1-8DEE-83D53AB1C37B}.Debug|Any CPU.Build.0 = Debug|Any CPU
		{88507890-CBA2-49B1-8DEE-83D53AB1C37B}.Release|Any CPU.ActiveCfg = Release|Any CPU
		{88507890-CBA2-49B1-8DEE-83D53AB1C37B}.Release|Any CPU.Build.0 = Release|Any CPU
	EndGlobalSection
	GlobalSection(SolutionProperties) = preSolution
		HideSolutionNode = FALSE
	EndGlobalSection
	GlobalSection(ExtensibilityGlobals) = postSolution
		SolutionGuid = {ACAB22E9-97F8-4908-8EA4-B41CC9E21A39}
	EndGlobalSection
EndGlobal
